// !$*UTF8*$!
{
	archiveVersion = 1;
	classes = {
	};
	objectVersion = 56;
	objects = {

/* Begin PBXBuildFile section */
		5912FF562C8D4A4E0056D4AA /* WeatherMiniApp in Frameworks */ = {isa = PBXBuildFile; productRef = 5912FF552C8D4A4E0056D4AA /* WeatherMiniApp */; };
		5920544D2C8D0687003A0619 /* MiniAppModel.swift in Sources */ = {isa = PBXBuildFile; fileRef = 5920544C2C8D0687003A0619 /* MiniAppModel.swift */; };
		5933B7EF2C8E025800036179 /* TicTacToeMiniApp in Frameworks */ = {isa = PBXBuildFile; productRef = 5933B7EE2C8E025800036179 /* TicTacToeMiniApp */; };
		5933B7F22C8E2F0300036179 /* Const.swift in Sources */ = {isa = PBXBuildFile; fileRef = 5933B7F12C8E2F0300036179 /* Const.swift */; };
		5933B7F42C8E332200036179 /* DisplayMode.swift in Sources */ = {isa = PBXBuildFile; fileRef = 5933B7F32C8E332200036179 /* DisplayMode.swift */; };
		59CDB9B92C8A1FF9005A5789 /* AppDelegate.swift in Sources */ = {isa = PBXBuildFile; fileRef = 59CDB9B82C8A1FF9005A5789 /* AppDelegate.swift */; };
		59CDB9C22C8A1FFA005A5789 /* Assets.xcassets in Resources */ = {isa = PBXBuildFile; fileRef = 59CDB9C12C8A1FFA005A5789 /* Assets.xcassets */; };
		59CDB9C52C8A1FFA005A5789 /* Base in Resources */ = {isa = PBXBuildFile; fileRef = 59CDB9C42C8A1FFA005A5789 /* Base */; };
		59CDB9CD2C8A222F005A5789 /* MainViewController.swift in Sources */ = {isa = PBXBuildFile; fileRef = 59CDB9CC2C8A222F005A5789 /* MainViewController.swift */; };
		59CDB9CF2C8A23CD005A5789 /* MiniAppCell.swift in Sources */ = {isa = PBXBuildFile; fileRef = 59CDB9CE2C8A23CD005A5789 /* MiniAppCell.swift */; };
		59CDB9D12C8A23EF005A5789 /* MiniAppsCollectionView.swift in Sources */ = {isa = PBXBuildFile; fileRef = 59CDB9D02C8A23EF005A5789 /* MiniAppsCollectionView.swift */; };
		59CDB9D32C8A2B8A005A5789 /* MainViewModel.swift in Sources */ = {isa = PBXBuildFile; fileRef = 59CDB9D22C8A2B8A005A5789 /* MainViewModel.swift */; };
/* End PBXBuildFile section */

/* Begin PBXFileReference section */
		5920544C2C8D0687003A0619 /* MiniAppModel.swift */ = {isa = PBXFileReference; lastKnownFileType = sourcecode.swift; path = MiniAppModel.swift; sourceTree = "<group>"; };
		5933B7F12C8E2F0300036179 /* Const.swift */ = {isa = PBXFileReference; lastKnownFileType = sourcecode.swift; path = Const.swift; sourceTree = "<group>"; };
		5933B7F32C8E332200036179 /* DisplayMode.swift */ = {isa = PBXFileReference; lastKnownFileType = sourcecode.swift; path = DisplayMode.swift; sourceTree = "<group>"; };
		59CDB9B52C8A1FF9005A5789 /* QuickApps.app */ = {isa = PBXFileReference; explicitFileType = wrapper.application; includeInIndex = 0; path = QuickApps.app; sourceTree = BUILT_PRODUCTS_DIR; };
		59CDB9B82C8A1FF9005A5789 /* AppDelegate.swift */ = {isa = PBXFileReference; lastKnownFileType = sourcecode.swift; path = AppDelegate.swift; sourceTree = "<group>"; };
		59CDB9C12C8A1FFA005A5789 /* Assets.xcassets */ = {isa = PBXFileReference; lastKnownFileType = folder.assetcatalog; path = Assets.xcassets; sourceTree = "<group>"; };
		59CDB9C42C8A1FFA005A5789 /* Base */ = {isa = PBXFileReference; lastKnownFileType = file.storyboard; name = Base; path = Base.lproj/LaunchScreen.storyboard; sourceTree = "<group>"; };
		59CDB9C62C8A1FFA005A5789 /* Info.plist */ = {isa = PBXFileReference; lastKnownFileType = text.plist.xml; path = Info.plist; sourceTree = "<group>"; };
		59CDB9CC2C8A222F005A5789 /* MainViewController.swift */ = {isa = PBXFileReference; lastKnownFileType = sourcecode.swift; path = MainViewController.swift; sourceTree = "<group>"; };
		59CDB9CE2C8A23CD005A5789 /* MiniAppCell.swift */ = {isa = PBXFileReference; lastKnownFileType = sourcecode.swift; path = MiniAppCell.swift; sourceTree = "<group>"; };
		59CDB9D02C8A23EF005A5789 /* MiniAppsCollectionView.swift */ = {isa = PBXFileReference; lastKnownFileType = sourcecode.swift; path = MiniAppsCollectionView.swift; sourceTree = "<group>"; };
		59CDB9D22C8A2B8A005A5789 /* MainViewModel.swift */ = {isa = PBXFileReference; lastKnownFileType = sourcecode.swift; path = MainViewModel.swift; sourceTree = "<group>"; };
/* End PBXFileReference section */

/* Begin PBXFrameworksBuildPhase section */
		59CDB9B22C8A1FF9005A5789 /* Frameworks */ = {
			isa = PBXFrameworksBuildPhase;
			buildActionMask = 2147483647;
			files = (
				5933B7EF2C8E025800036179 /* TicTacToeMiniApp in Frameworks */,
				5912FF562C8D4A4E0056D4AA /* WeatherMiniApp in Frameworks */,
			);
			runOnlyForDeploymentPostprocessing = 0;
		};
/* End PBXFrameworksBuildPhase section */

/* Begin PBXGroup section */
		5920544E2C8D068D003A0619 /* Model */ = {
			isa = PBXGroup;
			children = (
				5920544C2C8D0687003A0619 /* MiniAppModel.swift */,
				5933B7F32C8E332200036179 /* DisplayMode.swift */,
			);
			path = Model;
			sourceTree = "<group>";
		};
		5920544F2C8D0696003A0619 /* ViewModel */ = {
			isa = PBXGroup;
			children = (
				59CDB9D22C8A2B8A005A5789 /* MainViewModel.swift */,
			);
			path = ViewModel;
			sourceTree = "<group>";
		};
		592054502C8D06A2003A0619 /* View */ = {
			isa = PBXGroup;
			children = (
				59CDB9CC2C8A222F005A5789 /* MainViewController.swift */,
				59CDB9D02C8A23EF005A5789 /* MiniAppsCollectionView.swift */,
				59CDB9CE2C8A23CD005A5789 /* MiniAppCell.swift */,
			);
			path = View;
			sourceTree = "<group>";
		};
		5933B7F02C8E2EF300036179 /* Constants */ = {
			isa = PBXGroup;
			children = (
				5933B7F12C8E2F0300036179 /* Const.swift */,
			);
			path = Constants;
			sourceTree = "<group>";
		};
		59CDB9AC2C8A1FF9005A5789 = {
			isa = PBXGroup;
			children = (
				59CDB9B72C8A1FF9005A5789 /* QuickApps */,
				59CDB9B62C8A1FF9005A5789 /* Products */,
			);
			sourceTree = "<group>";
		};
		59CDB9B62C8A1FF9005A5789 /* Products */ = {
			isa = PBXGroup;
			children = (
				59CDB9B52C8A1FF9005A5789 /* QuickApps.app */,
			);
			name = Products;
			sourceTree = "<group>";
		};
		59CDB9B72C8A1FF9005A5789 /* QuickApps */ = {
			isa = PBXGroup;
			children = (
				59CDB9B82C8A1FF9005A5789 /* AppDelegate.swift */,
				5920544E2C8D068D003A0619 /* Model */,
				5920544F2C8D0696003A0619 /* ViewModel */,
				592054502C8D06A2003A0619 /* View */,
				5933B7F02C8E2EF300036179 /* Constants */,
				59CDB9C12C8A1FFA005A5789 /* Assets.xcassets */,
				59CDB9C32C8A1FFA005A5789 /* LaunchScreen.storyboard */,
				59CDB9C62C8A1FFA005A5789 /* Info.plist */,
			);
			path = QuickApps;
			sourceTree = "<group>";
		};
/* End PBXGroup section */

/* Begin PBXNativeTarget section */
		59CDB9B42C8A1FF9005A5789 /* QuickApps */ = {
			isa = PBXNativeTarget;
			buildConfigurationList = 59CDB9C92C8A1FFA005A5789 /* Build configuration list for PBXNativeTarget "QuickApps" */;
			buildPhases = (
				59CDB9B12C8A1FF9005A5789 /* Sources */,
				59CDB9B22C8A1FF9005A5789 /* Frameworks */,
				59CDB9B32C8A1FF9005A5789 /* Resources */,
			);
			buildRules = (
			);
			dependencies = (
			);
			name = QuickApps;
			packageProductDependencies = (
				5912FF552C8D4A4E0056D4AA /* WeatherMiniApp */,
				5933B7EE2C8E025800036179 /* TicTacToeMiniApp */,
			);
			productName = QuickApps;
			productReference = 59CDB9B52C8A1FF9005A5789 /* QuickApps.app */;
			productType = "com.apple.product-type.application";
		};
/* End PBXNativeTarget section */

/* Begin PBXProject section */
		59CDB9AD2C8A1FF9005A5789 /* Project object */ = {
			isa = PBXProject;
			attributes = {
				BuildIndependentTargetsInParallel = 1;
				LastSwiftUpdateCheck = 1540;
				LastUpgradeCheck = 1540;
				TargetAttributes = {
					59CDB9B42C8A1FF9005A5789 = {
						CreatedOnToolsVersion = 15.4;
					};
				};
			};
			buildConfigurationList = 59CDB9B02C8A1FF9005A5789 /* Build configuration list for PBXProject "QuickApps" */;
			compatibilityVersion = "Xcode 14.0";
			developmentRegion = en;
			hasScannedForEncodings = 0;
			knownRegions = (
				en,
				Base,
			);
			mainGroup = 59CDB9AC2C8A1FF9005A5789;
			packageReferences = (
				5912FF542C8D4A4E0056D4AA /* XCRemoteSwiftPackageReference "WeatherMiniApp" */,
				5933B7ED2C8E025800036179 /* XCRemoteSwiftPackageReference "TicTacToeMiniApp" */,
			);
			productRefGroup = 59CDB9B62C8A1FF9005A5789 /* Products */;
			projectDirPath = "";
			projectRoot = "";
			targets = (
				59CDB9B42C8A1FF9005A5789 /* QuickApps */,
			);
		};
/* End PBXProject section */

/* Begin PBXResourcesBuildPhase section */
		59CDB9B32C8A1FF9005A5789 /* Resources */ = {
			isa = PBXResourcesBuildPhase;
			buildActionMask = 2147483647;
			files = (
				59CDB9C22C8A1FFA005A5789 /* Assets.xcassets in Resources */,
				59CDB9C52C8A1FFA005A5789 /* Base in Resources */,
			);
			runOnlyForDeploymentPostprocessing = 0;
		};
/* End PBXResourcesBuildPhase section */

/* Begin PBXSourcesBuildPhase section */
		59CDB9B12C8A1FF9005A5789 /* Sources */ = {
			isa = PBXSourcesBuildPhase;
			buildActionMask = 2147483647;
			files = (
				5920544D2C8D0687003A0619 /* MiniAppModel.swift in Sources */,
				59CDB9D32C8A2B8A005A5789 /* MainViewModel.swift in Sources */,
				59CDB9CD2C8A222F005A5789 /* MainViewController.swift in Sources */,
				59CDB9B92C8A1FF9005A5789 /* AppDelegate.swift in Sources */,
				59CDB9D12C8A23EF005A5789 /* MiniAppsCollectionView.swift in Sources */,
				59CDB9CF2C8A23CD005A5789 /* MiniAppCell.swift in Sources */,
				5933B7F22C8E2F0300036179 /* Const.swift in Sources */,
				5933B7F42C8E332200036179 /* DisplayMode.swift in Sources */,
			);
			runOnlyForDeploymentPostprocessing = 0;
		};
/* End PBXSourcesBuildPhase section */

/* Begin PBXVariantGroup section */
		59CDB9C32C8A1FFA005A5789 /* LaunchScreen.storyboard */ = {
			isa = PBXVariantGroup;
			children = (
				59CDB9C42C8A1FFA005A5789 /* Base */,
			);
			name = LaunchScreen.storyboard;
			sourceTree = "<group>";
		};
/* End PBXVariantGroup section */

/* Begin XCBuildConfiguration section */
		59CDB9C72C8A1FFA005A5789 /* Debug */ = {
			isa = XCBuildConfiguration;
			buildSettings = {
				ALWAYS_SEARCH_USER_PATHS = NO;
				ASSETCATALOG_COMPILER_GENERATE_SWIFT_ASSET_SYMBOL_EXTENSIONS = YES;
				CLANG_ANALYZER_NONNULL = YES;
				CLANG_ANALYZER_NUMBER_OBJECT_CONVERSION = YES_AGGRESSIVE;
				CLANG_CXX_LANGUAGE_STANDARD = "gnu++20";
				CLANG_ENABLE_MODULES = YES;
				CLANG_ENABLE_OBJC_ARC = YES;
				CLANG_ENABLE_OBJC_WEAK = YES;
				CLANG_WARN_BLOCK_CAPTURE_AUTORELEASING = YES;
				CLANG_WARN_BOOL_CONVERSION = YES;
				CLANG_WARN_COMMA = YES;
				CLANG_WARN_CONSTANT_CONVERSION = YES;
				CLANG_WARN_DEPRECATED_OBJC_IMPLEMENTATIONS = YES;
				CLANG_WARN_DIRECT_OBJC_ISA_USAGE = YES_ERROR;
				CLANG_WARN_DOCUMENTATION_COMMENTS = YES;
				CLANG_WARN_EMPTY_BODY = YES;
				CLANG_WARN_ENUM_CONVERSION = YES;
				CLANG_WARN_INFINITE_RECURSION = YES;
				CLANG_WARN_INT_CONVERSION = YES;
				CLANG_WARN_NON_LITERAL_NULL_CONVERSION = YES;
				CLANG_WARN_OBJC_IMPLICIT_RETAIN_SELF = YES;
				CLANG_WARN_OBJC_LITERAL_CONVERSION = YES;
				CLANG_WARN_OBJC_ROOT_CLASS = YES_ERROR;
				CLANG_WARN_QUOTED_INCLUDE_IN_FRAMEWORK_HEADER = YES;
				CLANG_WARN_RANGE_LOOP_ANALYSIS = YES;
				CLANG_WARN_STRICT_PROTOTYPES = YES;
				CLANG_WARN_SUSPICIOUS_MOVE = YES;
				CLANG_WARN_UNGUARDED_AVAILABILITY = YES_AGGRESSIVE;
				CLANG_WARN_UNREACHABLE_CODE = YES;
				CLANG_WARN__DUPLICATE_METHOD_MATCH = YES;
				COPY_PHASE_STRIP = NO;
				DEBUG_INFORMATION_FORMAT = dwarf;
				ENABLE_STRICT_OBJC_MSGSEND = YES;
				ENABLE_TESTABILITY = YES;
				ENABLE_USER_SCRIPT_SANDBOXING = YES;
				GCC_C_LANGUAGE_STANDARD = gnu17;
				GCC_DYNAMIC_NO_PIC = NO;
				GCC_NO_COMMON_BLOCKS = YES;
				GCC_OPTIMIZATION_LEVEL = 0;
				GCC_PREPROCESSOR_DEFINITIONS = (
					"DEBUG=1",
					"$(inherited)",
				);
				GCC_WARN_64_TO_32_BIT_CONVERSION = YES;
				GCC_WARN_ABOUT_RETURN_TYPE = YES_ERROR;
				GCC_WARN_UNDECLARED_SELECTOR = YES;
				GCC_WARN_UNINITIALIZED_AUTOS = YES_AGGRESSIVE;
				GCC_WARN_UNUSED_FUNCTION = YES;
				GCC_WARN_UNUSED_VARIABLE = YES;
				IPHONEOS_DEPLOYMENT_TARGET = 14.0;
				LOCALIZATION_PREFERS_STRING_CATALOGS = YES;
				MTL_ENABLE_DEBUG_INFO = INCLUDE_SOURCE;
				MTL_FAST_MATH = YES;
				ONLY_ACTIVE_ARCH = YES;
				SDKROOT = iphoneos;
				SWIFT_ACTIVE_COMPILATION_CONDITIONS = "DEBUG $(inherited)";
				SWIFT_OPTIMIZATION_LEVEL = "-Onone";
			};
			name = Debug;
		};
		59CDB9C82C8A1FFA005A5789 /* Release */ = {
			isa = XCBuildConfiguration;
			buildSettings = {
				ALWAYS_SEARCH_USER_PATHS = NO;
				ASSETCATALOG_COMPILER_GENERATE_SWIFT_ASSET_SYMBOL_EXTENSIONS = YES;
				CLANG_ANALYZER_NONNULL = YES;
				CLANG_ANALYZER_NUMBER_OBJECT_CONVERSION = YES_AGGRESSIVE;
				CLANG_CXX_LANGUAGE_STANDARD = "gnu++20";
				CLANG_ENABLE_MODULES = YES;
				CLANG_ENABLE_OBJC_ARC = YES;
				CLANG_ENABLE_OBJC_WEAK = YES;
				CLANG_WARN_BLOCK_CAPTURE_AUTORELEASING = YES;
				CLANG_WARN_BOOL_CONVERSION = YES;
				CLANG_WARN_COMMA = YES;
				CLANG_WARN_CONSTANT_CONVERSION = YES;
				CLANG_WARN_DEPRECATED_OBJC_IMPLEMENTATIONS = YES;
				CLANG_WARN_DIRECT_OBJC_ISA_USAGE = YES_ERROR;
				CLANG_WARN_DOCUMENTATION_COMMENTS = YES;
				CLANG_WARN_EMPTY_BODY = YES;
				CLANG_WARN_ENUM_CONVERSION = YES;
				CLANG_WARN_INFINITE_RECURSION = YES;
				CLANG_WARN_INT_CONVERSION = YES;
				CLANG_WARN_NON_LITERAL_NULL_CONVERSION = YES;
				CLANG_WARN_OBJC_IMPLICIT_RETAIN_SELF = YES;
				CLANG_WARN_OBJC_LITERAL_CONVERSION = YES;
				CLANG_WARN_OBJC_ROOT_CLASS = YES_ERROR;
				CLANG_WARN_QUOTED_INCLUDE_IN_FRAMEWORK_HEADER = YES;
				CLANG_WARN_RANGE_LOOP_ANALYSIS = YES;
				CLANG_WARN_STRICT_PROTOTYPES = YES;
				CLANG_WARN_SUSPICIOUS_MOVE = YES;
				CLANG_WARN_UNGUARDED_AVAILABILITY = YES_AGGRESSIVE;
				CLANG_WARN_UNREACHABLE_CODE = YES;
				CLANG_WARN__DUPLICATE_METHOD_MATCH = YES;
				COPY_PHASE_STRIP = NO;
				DEBUG_INFORMATION_FORMAT = "dwarf-with-dsym";
				ENABLE_NS_ASSERTIONS = NO;
				ENABLE_STRICT_OBJC_MSGSEND = YES;
				ENABLE_USER_SCRIPT_SANDBOXING = YES;
				GCC_C_LANGUAGE_STANDARD = gnu17;
				GCC_NO_COMMON_BLOCKS = YES;
				GCC_WARN_64_TO_32_BIT_CONVERSION = YES;
				GCC_WARN_ABOUT_RETURN_TYPE = YES_ERROR;
				GCC_WARN_UNDECLARED_SELECTOR = YES;
				GCC_WARN_UNINITIALIZED_AUTOS = YES_AGGRESSIVE;
				GCC_WARN_UNUSED_FUNCTION = YES;
				GCC_WARN_UNUSED_VARIABLE = YES;
				IPHONEOS_DEPLOYMENT_TARGET = 14.0;
				LOCALIZATION_PREFERS_STRING_CATALOGS = YES;
				MTL_ENABLE_DEBUG_INFO = NO;
				MTL_FAST_MATH = YES;
				SDKROOT = iphoneos;
				SWIFT_COMPILATION_MODE = wholemodule;
				VALIDATE_PRODUCT = YES;
			};
			name = Release;
		};
		59CDB9CA2C8A1FFA005A5789 /* Debug */ = {
			isa = XCBuildConfiguration;
			buildSettings = {
				ASSETCATALOG_COMPILER_APPICON_NAME = AppIcon;
				ASSETCATALOG_COMPILER_GLOBAL_ACCENT_COLOR_NAME = AccentColor;
				CODE_SIGN_STYLE = Automatic;
				CURRENT_PROJECT_VERSION = 1;
				DEVELOPMENT_TEAM = Z88WLH6TBF;
				GENERATE_INFOPLIST_FILE = YES;
				INFOPLIST_FILE = QuickApps/Info.plist;
				INFOPLIST_KEY_UIApplicationSupportsIndirectInputEvents = YES;
				INFOPLIST_KEY_UILaunchStoryboardName = LaunchScreen;
				INFOPLIST_KEY_UISupportedInterfaceOrientations_iPad = "UIInterfaceOrientationPortrait UIInterfaceOrientationPortraitUpsideDown UIInterfaceOrientationLandscapeLeft UIInterfaceOrientationLandscapeRight";
				INFOPLIST_KEY_UISupportedInterfaceOrientations_iPhone = "UIInterfaceOrientationPortrait UIInterfaceOrientationLandscapeLeft UIInterfaceOrientationLandscapeRight";
				IPHONEOS_DEPLOYMENT_TARGET = 14.0;
				LD_RUNPATH_SEARCH_PATHS = (
					"$(inherited)",
					"@executable_path/Frameworks",
				);
				MARKETING_VERSION = 1.0;
				PRODUCT_BUNDLE_IDENTIFIER = com.pavelbelenkow.QuickApps;
				PRODUCT_NAME = "$(TARGET_NAME)";
				SUPPORTED_PLATFORMS = "iphoneos iphonesimulator";
				SUPPORTS_MACCATALYST = NO;
				SUPPORTS_MAC_DESIGNED_FOR_IPHONE_IPAD = NO;
				SUPPORTS_XR_DESIGNED_FOR_IPHONE_IPAD = NO;
				SWIFT_EMIT_LOC_STRINGS = YES;
				SWIFT_VERSION = 5.0;
				TARGETED_DEVICE_FAMILY = "1,2";
			};
			name = Debug;
		};
		59CDB9CB2C8A1FFA005A5789 /* Release */ = {
			isa = XCBuildConfiguration;
			buildSettings = {
				ASSETCATALOG_COMPILER_APPICON_NAME = AppIcon;
				ASSETCATALOG_COMPILER_GLOBAL_ACCENT_COLOR_NAME = AccentColor;
				CODE_SIGN_STYLE = Automatic;
				CURRENT_PROJECT_VERSION = 1;
				DEVELOPMENT_TEAM = Z88WLH6TBF;
				GENERATE_INFOPLIST_FILE = YES;
				INFOPLIST_FILE = QuickApps/Info.plist;
				INFOPLIST_KEY_UIApplicationSupportsIndirectInputEvents = YES;
				INFOPLIST_KEY_UILaunchStoryboardName = LaunchScreen;
				INFOPLIST_KEY_UISupportedInterfaceOrientations_iPad = "UIInterfaceOrientationPortrait UIInterfaceOrientationPortraitUpsideDown UIInterfaceOrientationLandscapeLeft UIInterfaceOrientationLandscapeRight";
				INFOPLIST_KEY_UISupportedInterfaceOrientations_iPhone = "UIInterfaceOrientationPortrait UIInterfaceOrientationLandscapeLeft UIInterfaceOrientationLandscapeRight";
				IPHONEOS_DEPLOYMENT_TARGET = 14.0;
				LD_RUNPATH_SEARCH_PATHS = (
					"$(inherited)",
					"@executable_path/Frameworks",
				);
				MARKETING_VERSION = 1.0;
				PRODUCT_BUNDLE_IDENTIFIER = com.pavelbelenkow.QuickApps;
				PRODUCT_NAME = "$(TARGET_NAME)";
				SUPPORTED_PLATFORMS = "iphoneos iphonesimulator";
				SUPPORTS_MACCATALYST = NO;
				SUPPORTS_MAC_DESIGNED_FOR_IPHONE_IPAD = NO;
				SUPPORTS_XR_DESIGNED_FOR_IPHONE_IPAD = NO;
				SWIFT_EMIT_LOC_STRINGS = YES;
				SWIFT_VERSION = 5.0;
				TARGETED_DEVICE_FAMILY = "1,2";
			};
			name = Release;
		};
/* End XCBuildConfiguration section */

/* Begin XCConfigurationList section */
		59CDB9B02C8A1FF9005A5789 /* Build configuration list for PBXProject "QuickApps" */ = {
			isa = XCConfigurationList;
			buildConfigurations = (
				59CDB9C72C8A1FFA005A5789 /* Debug */,
				59CDB9C82C8A1FFA005A5789 /* Release */,
			);
			defaultConfigurationIsVisible = 0;
			defaultConfigurationName = Release;
		};
		59CDB9C92C8A1FFA005A5789 /* Build configuration list for PBXNativeTarget "QuickApps" */ = {
			isa = XCConfigurationList;
			buildConfigurations = (
				59CDB9CA2C8A1FFA005A5789 /* Debug */,
				59CDB9CB2C8A1FFA005A5789 /* Release */,
			);
			defaultConfigurationIsVisible = 0;
			defaultConfigurationName = Release;
		};
/* End XCConfigurationList section */

/* Begin XCRemoteSwiftPackageReference section */
		5912FF542C8D4A4E0056D4AA /* XCRemoteSwiftPackageReference "WeatherMiniApp" */ = {
			isa = XCRemoteSwiftPackageReference;
			repositoryURL = "https://github.com/pavelbelenkow/WeatherMiniApp.git";
			requirement = {
				kind = exactVersion;
				version = 1.0.1;
			};
		};
		5933B7ED2C8E025800036179 /* XCRemoteSwiftPackageReference "TicTacToeMiniApp" */ = {
			isa = XCRemoteSwiftPackageReference;
			repositoryURL = "https://github.com/pavelbelenkow/TicTacToeMiniApp.git";
			requirement = {
				kind = exactVersion;
				version = 1.0.2;
			};
		};
/* End XCRemoteSwiftPackageReference section */

/* Begin XCSwiftPackageProductDependency section */
		5912FF552C8D4A4E0056D4AA /* WeatherMiniApp */ = {
			isa = XCSwiftPackageProductDependency;
			package = 5912FF542C8D4A4E0056D4AA /* XCRemoteSwiftPackageReference "WeatherMiniApp" */;
			productName = WeatherMiniApp;
		};
		5933B7EE2C8E025800036179 /* TicTacToeMiniApp */ = {
			isa = XCSwiftPackageProductDependency;
			package = 5933B7ED2C8E025800036179 /* XCRemoteSwiftPackageReference "TicTacToeMiniApp" */;
			productName = TicTacToeMiniApp;
		};
/* End XCSwiftPackageProductDependency section */
	};
	rootObject = 59CDB9AD2C8A1FF9005A5789 /* Project object */;
}
